
Microsoft Visual Studio Solution File, Format Version 12.00
# Visual Studio Version 16
VisualStudioVersion = 16.0.30114.105
MinimumVisualStudioVersion = 10.0.40219.1
Project("{D954291E-2A0B-460D-934E-DC6B0785DB48}") = "MonoGame", "MonoGame\MonoGame.shproj", "{0FA075E6-256E-4343-84FD-7AD313E84D35}"
EndProject
Project("{D954291E-2A0B-460D-934E-DC6B0785DB48}") = "WPF", "WPF\WPF.shproj", "{B341D789-0D1A-412F-AD2E-3D33620A71C3}"
EndProject
Project("{FAE04EC0-301F-11D3-BF4B-00C04F79EFBC}") = "Geometrynet", "Geometry\Geometrynet.csproj", "{FF8C64AA-B352-4D53-9B9D-A3C4D5C91DA3}"
EndProject
Project("{9A19103F-16F7-4668-BE54-9A1E7A4F7556}") = "DiegoG.Utilities.Common", "DiegoG.Utilities.Common\DiegoG.Utilities.Common.csproj", "{9F6E29BB-8E9C-45A0-BAA3-CE3BFD31F15C}"
EndProject
Project("{9A19103F-16F7-4668-BE54-9A1E7A4F7556}") = "DiegoG.CLI", "DiegoG.CLI\DiegoG.CLI.csproj", "{0DF8909C-BCAB-4E57-BC7B-BC0E0CAA1834}"
EndProject
Project("{9A19103F-16F7-4668-BE54-9A1E7A4F7556}") = "DiegoG.Security", "DiegoG.Security\DiegoG.Security.csproj", "{C618FF37-4E4D-4E92-BBFD-68B5EDFFB956}"
EndProject
Project("{9A19103F-16F7-4668-BE54-9A1E7A4F7556}") = "DiegoG.Utilities.SQLite", "DiegoG.Utilities.SQLite\DiegoG.Utilities.SQLite.csproj", "{DF86C767-91E0-44F0-BAD5-B80FC0EF868A}"
EndProject
Project("{9A19103F-16F7-4668-BE54-9A1E7A4F7556}") = "DiegoG.Utilities.WPF", "DiegoG.Utilities.WPF\DiegoG.Utilities.WPF.csproj", "{22A581D9-B2B8-41EB-8B36-BE15D7322818}"
EndProject
Global
	GlobalSection(SharedMSBuildProjectFiles) = preSolution
		MonoGame\MonoGame.projitems*{0fa075e6-256e-4343-84fd-7ad313e84d35}*SharedItemsImports = 13
		WPF\WPF.projitems*{22a581d9-b2b8-41eb-8b36-be15d7322818}*SharedItemsImports = 5
		WPF\WPF.projitems*{b341d789-0d1a-412f-ad2e-3d33620a71c3}*SharedItemsImports = 13
	EndGlobalSection
	GlobalSection(SolutionConfigurationPlatforms) = preSolution
		Debug|Any CPU = Debug|Any CPU
		Release|Any CPU = Release|Any CPU
	EndGlobalSection
	GlobalSection(ProjectConfigurationPlatforms) = postSolution
		{FF8C64AA-B352-4D53-9B9D-A3C4D5C91DA3}.Debug|Any CPU.ActiveCfg = Debug|Any CPU
		{FF8C64AA-B352-4D53-9B9D-A3C4D5C91DA3}.Debug|Any CPU.Build.0 = Debug|Any CPU
		{FF8C64AA-B352-4D53-9B9D-A3C4D5C91DA3}.Release|Any CPU.ActiveCfg = Release|Any CPU
		{FF8C64AA-B352-4D53-9B9D-A3C4D5C91DA3}.Release|Any CPU.Build.0 = Release|Any CPU
		{9F6E29BB-8E9C-45A0-BAA3-CE3BFD31F15C}.Debug|Any CPU.ActiveCfg = Debug|Any CPU
		{9F6E29BB-8E9C-45A0-BAA3-CE3BFD31F15C}.Debug|Any CPU.Build.0 = Debug|Any CPU
		{9F6E29BB-8E9C-45A0-BAA3-CE3BFD31F15C}.Release|Any CPU.ActiveCfg = Release|Any CPU
		{9F6E29BB-8E9C-45A0-BAA3-CE3BFD31F15C}.Release|Any CPU.Build.0 = Release|Any CPU
		{0DF8909C-BCAB-4E57-BC7B-BC0E0CAA1834}.Debug|Any CPU.ActiveCfg = Debug|Any CPU
		{0DF8909C-BCAB-4E57-BC7B-BC0E0CAA1834}.Debug|Any CPU.Build.0 = Debug|Any CPU
		{0DF8909C-BCAB-4E57-BC7B-BC0E0CAA1834}.Release|Any CPU.ActiveCfg = Release|Any CPU
		{0DF8909C-BCAB-4E57-BC7B-BC0E0CAA1834}.Release|Any CPU.Build.0 = Release|Any CPU
		{C618FF37-4E4D-4E92-BBFD-68B5EDFFB956}.Debug|Any CPU.ActiveCfg = Debug|Any CPU
		{C618FF37-4E4D-4E92-BBFD-68B5EDFFB956}.Debug|Any CPU.Build.0 = Debug|Any CPU
		{C618FF37-4E4D-4E92-BBFD-68B5EDFFB956}.Release|Any CPU.ActiveCfg = Release|Any CPU
		{C618FF37-4E4D-4E92-BBFD-68B5EDFFB956}.Release|Any CPU.Build.0 = Release|Any CPU
		{DF86C767-91E0-44F0-BAD5-B80FC0EF868A}.Debug|Any CPU.ActiveCfg = Debug|Any CPU
		{DF86C767-91E0-44F0-BAD5-B80FC0EF868A}.Debug|Any CPU.Build.0 = Debug|Any CPU
		{DF86C767-91E0-44F0-BAD5-B80FC0EF868A}.Release|Any CPU.ActiveCfg = Release|Any CPU
		{DF86C767-91E0-44F0-BAD5-B80FC0EF868A}.Release|Any CPU.Build.0 = Release|Any CPU
		{22A581D9-B2B8-41EB-8B36-BE15D7322818}.Debug|Any CPU.ActiveCfg = Debug|Any CPU
		{22A581D9-B2B8-41EB-8B36-BE15D7322818}.Debug|Any CPU.Build.0 = Debug|Any CPU
		{22A581D9-B2B8-41EB-8B36-BE15D7322818}.Release|Any CPU.ActiveCfg = Release|Any CPU
		{22A581D9-B2B8-41EB-8B36-BE15D7322818}.Release|Any CPU.Build.0 = Release|Any CPU
	EndGlobalSection
	GlobalSection(SolutionProperties) = preSolution
		HideSolutionNode = FALSE
	EndGlobalSection
	GlobalSection(ExtensibilityGlobals) = postSolution
		SolutionGuid = {0674B578-4EE1-4150-9B09-AB6AB8F0F49F}
	EndGlobalSection
EndGlobal
