
Microsoft Visual Studio Solution File, Format Version 12.00
# Visual Studio Version 16
VisualStudioVersion = 16.0.30114.105
MinimumVisualStudioVersion = 10.0.40219.1
Project("{D954291E-2A0B-460D-934E-DC6B0785DB48}") = "DGUtilitiesSharedProj", "DGUtilitiesSharedProj\DGUtilitiesSharedProj.shproj", "{E7813EE5-9C23-4B9C-9C93-38A04843F197}"
EndProject
Project("{FAE04EC0-301F-11D3-BF4B-00C04F79EFBC}") = "DGUtilitiesLibrary", "DGUtilitiesLibrary\DGUtilitiesLibrary.csproj", "{C0280483-3812-4A61-AE54-467556642C8F}"
EndProject
Global
	GlobalSection(SharedMSBuildProjectFiles) = preSolution
		DGUtilitiesSharedProj\DGUtilitiesSharedProj.projitems*{c0280483-3812-4a61-ae54-467556642c8f}*SharedItemsImports = 5
		DGUtilitiesSharedProj\DGUtilitiesSharedProj.projitems*{e7813ee5-9c23-4b9c-9c93-38a04843f197}*SharedItemsImports = 13
	EndGlobalSection
	GlobalSection(SolutionConfigurationPlatforms) = preSolution
		Debug|Any CPU = Debug|Any CPU
		Release|Any CPU = Release|Any CPU
	EndGlobalSection
	GlobalSection(ProjectConfigurationPlatforms) = postSolution
		{C0280483-3812-4A61-AE54-467556642C8F}.Debug|Any CPU.ActiveCfg = Debug|Any CPU
		{C0280483-3812-4A61-AE54-467556642C8F}.Debug|Any CPU.Build.0 = Debug|Any CPU
		{C0280483-3812-4A61-AE54-467556642C8F}.Release|Any CPU.ActiveCfg = Release|Any CPU
		{C0280483-3812-4A61-AE54-467556642C8F}.Release|Any CPU.Build.0 = Release|Any CPU
	EndGlobalSection
	GlobalSection(SolutionProperties) = preSolution
		HideSolutionNode = FALSE
	EndGlobalSection
	GlobalSection(ExtensibilityGlobals) = postSolution
		SolutionGuid = {0674B578-4EE1-4150-9B09-AB6AB8F0F49F}
	EndGlobalSection
EndGlobal
